
Microsoft Visual Studio Solution File, Format Version 12.00
# Visual Studio Version 17
VisualStudioVersion = 17.0.32112.339
MinimumVisualStudioVersion = 10.0.40219.1
Project("{FAE04EC0-301F-11D3-BF4B-00C04F79EFBC}") = "Kyrsavaia_Krasnovich)))", "Kyrsavaia_Krasnovich)))\Kyrsavaia_Krasnovich))).csproj", "{8A89B231-D5B8-45CF-9BCC-97B5C718F719}"
EndProject
Global
	GlobalSection(SolutionConfigurationPlatforms) = preSolution
		Debug|Any CPU = Debug|Any CPU
		Release|Any CPU = Release|Any CPU
	EndGlobalSection
	GlobalSection(ProjectConfigurationPlatforms) = postSolution
		{8A89B231-D5B8-45CF-9BCC-97B5C718F719}.Debug|Any CPU.ActiveCfg = Release|x86
		{8A89B231-D5B8-45CF-9BCC-97B5C718F719}.Release|Any CPU.ActiveCfg = Release|Any CPU
		{8A89B231-D5B8-45CF-9BCC-97B5C718F719}.Release|Any CPU.Build.0 = Release|Any CPU
	EndGlobalSection
	GlobalSection(SolutionProperties) = preSolution
		HideSolutionNode = FALSE
	EndGlobalSection
	GlobalSection(ExtensibilityGlobals) = postSolution
		SolutionGuid = {7974B269-C957-4264-AE1A-C4C28932857C}
	EndGlobalSection
EndGlobal
